
Microsoft Visual Studio Solution File, Format Version 12.00
# Visual Studio Version 16
VisualStudioVersion = 16.0.32228.343
MinimumVisualStudioVersion = 10.0.40219.1
Project("{FAE04EC0-301F-11D3-BF4B-00C04F79EFBC}") = "PepitoSchool", "PepitoSchool\PepitoSchool.csproj", "{F3382BC4-953C-4CB3-8685-D70F5291F439}"
EndProject
Global
	GlobalSection(SolutionConfigurationPlatforms) = preSolution
		Debug|Any CPU = Debug|Any CPU
		Release|Any CPU = Release|Any CPU
	EndGlobalSection
	GlobalSection(ProjectConfigurationPlatforms) = postSolution
		{F3382BC4-953C-4CB3-8685-D70F5291F439}.Debug|Any CPU.ActiveCfg = Debug|Any CPU
		{F3382BC4-953C-4CB3-8685-D70F5291F439}.Debug|Any CPU.Build.0 = Debug|Any CPU
		{F3382BC4-953C-4CB3-8685-D70F5291F439}.Release|Any CPU.ActiveCfg = Release|Any CPU
		{F3382BC4-953C-4CB3-8685-D70F5291F439}.Release|Any CPU.Build.0 = Release|Any CPU
	EndGlobalSection
	GlobalSection(SolutionProperties) = preSolution
		HideSolutionNode = FALSE
	EndGlobalSection
	GlobalSection(ExtensibilityGlobals) = postSolution
		SolutionGuid = {D3DF16C9-B494-4F29-B327-A9212491EB9C}
	EndGlobalSection
EndGlobal
